{
  "name": "volcano-vk",
  "version": "1.0.0",
  "lockfileVersion": 3,
  "requires": true,
  "packages": {
    "": {
      "name": "volcano-vk",
      "version": "1.0.0",
      "license": "MIT",
      "dependencies": {
        "html-entities": "^2.3.3",
        "volcano-sdk": "github:AmandaDiscord/VolcanoSDK"
      }
    },
    "node_modules/html-entities": {
      "version": "2.3.3",
      "resolved": "https://registry.npmjs.org/html-entities/-/html-entities-2.3.3.tgz",
      "integrity": "sha512-DV5Ln36z34NNTDgnz0EWGBLZENelNAtkiFA4kyNOG2tDI6Mz1uSWiq1wAKdyjnJwyDiDO7Fa2SO1CTxPXL8VxA=="
    },
    "node_modules/volcano-sdk": {
      "version": "1.0.0",
      "resolved": "git+ssh://git@github.com/AmandaDiscord/VolcanoSDK.git#c9195e6891ec641ec9a9da3e7cb87a47fa6f8033",
      "license": "MIT"
    }
  }
}
