{
  "name": "volcano-midi",
  "version": "1.0.0",
  "lockfileVersion": 3,
  "requires": true,
  "packages": {
    "": {
      "name": "volcano-midi",
      "version": "1.0.0",
      "license": "MIT",
      "dependencies": {
        "synth-js": "^0.1.2",
        "volcano-sdk": "file:A:/Windows/Documents/GitHub/Volcano/packages/sdk"
      }
    },
    "A:/Windows/Documents/GitHub/Volcano/packages/sdk": {
      "version": "2.0.0-rc.2",
      "hasInstallScript": true,
      "license": "MIT",
      "dependencies": {
        "@discordjs/voice": "^0.15.0",
        "lavalink-types": "^2.0.2",
        "uWebSockets.js": "uNetworking/uWebSockets.js#v20.20.0"
      }
    },
    "node_modules/synth-js": {
      "version": "0.1.2",
      "resolved": "https://registry.npmjs.org/synth-js/-/synth-js-0.1.2.tgz",
      "integrity": "sha512-0eD9f881EolTlSGVyhts6q+WPOtnCSoiB4GTaTvn5xw7DeASaJIzP7Znmr9qh/6DMQm+H3JZqjz1pAsaQjP2Ug==",
      "bin": {
        "synth": "bin/synth.js"
      },
      "engines": {
        "node": ">=6.9.2",
        "npm": "^4.0.0"
      }
    },
    "node_modules/volcano-sdk": {
      "resolved": "A:/Windows/Documents/GitHub/Volcano/packages/sdk",
      "link": true
    }
  }
}
