{
    "name": "volcano-spotify-plus",
    "version": "1.0.0",
    "lockfileVersion": 2,
    "requires": true,
    "packages": {
        "": {
            "name": "volcano-spotify-plus",
            "version": "1.0.0",
            "license": "MIT",
            "dependencies": {
                "volcano-sdk": "https://github.com/AmandaDiscord/VolcanoSDK"
            }
        },
        "node_modules/volcano-sdk": {
            "version": "1.0.0",
            "resolved": "git+ssh://git@github.com/AmandaDiscord/VolcanoSDK.git#c9195e6891ec641ec9a9da3e7cb87a47fa6f8033",
            "license": "MIT"
        }
    },
    "dependencies": {
        "volcano-sdk": {
            "version": "git+ssh://git@github.com/AmandaDiscord/VolcanoSDK.git#c9195e6891ec641ec9a9da3e7cb87a47fa6f8033",
            "from": "volcano-sdk@https://github.com/AmandaDiscord/VolcanoSDK"
        }
    }
}
