{
  "name": "volcano-twitter",
  "version": "1.0.0",
  "lockfileVersion": 3,
  "requires": true,
  "packages": {
    "": {
      "name": "volcano-twitter",
      "version": "1.0.0",
      "license": "MIT",
      "dependencies": {
        "@discordjs/voice": "^0.11.0",
        "@lavalink/encoding": "^0.1.2",
        "@tcortega/twitter-scraper": "github:AmandaDiscord/twitter-scraper#e7ac0766f2fc53e6873401372dfe040e0ff33a3e",
        "volcano-sdk": "github:AmandaDiscord/VolcanoSDK"
      }
    },
    "node_modules/@discordjs/voice": {
      "version": "0.11.0",
      "resolved": "https://registry.npmjs.org/@discordjs/voice/-/voice-0.11.0.tgz",
      "integrity": "sha512-6+9cj1dxzBJm7WJ9qyG2XZZQ8rcLl6x2caW0C0OxuTtMLAaEDntpb6lqMTFiBg/rDc4Rd59g1w0gJmib33CuHw==",
      "dependencies": {
        "@types/ws": "^8.5.3",
        "discord-api-types": "^0.36.2",
        "prism-media": "^1.3.4",
        "tslib": "^2.4.0",
        "ws": "^8.8.1"
      },
      "engines": {
        "node": ">=16.9.0"
      }
    },
    "node_modules/@lavalink/encoding": {
      "version": "0.1.2",
      "resolved": "https://registry.npmjs.org/@lavalink/encoding/-/encoding-0.1.2.tgz",
      "integrity": "sha512-cUhsKYBw91+2H4wPfKCi1i9dyQmXGCcNvsNe3Sgy67ZrjsQ29hNLLEBIotBIxPMPWTFZtQcja5QFL99UNvjv0w==",
      "dependencies": {
        "base64-js": "^1.3.1"
      }
    },
    "node_modules/@tcortega/twitter-scraper": {
      "version": "0.2.4",
      "resolved": "git+ssh://git@github.com/AmandaDiscord/twitter-scraper.git#e7ac0766f2fc53e6873401372dfe040e0ff33a3e",
      "integrity": "sha512-mNGfPkgh5cl6zsEvqbuGfIkGxp2GztqRwxOoBX/Dx0b8XGuiAMjl6U04jUSNAdxHrDk4oxfBGBvSIioqudPUbA==",
      "license": "MIT",
      "engines": {
        "node": ">=10"
      }
    },
    "node_modules/@types/node": {
      "version": "18.11.18",
      "resolved": "https://registry.npmjs.org/@types/node/-/node-18.11.18.tgz",
      "integrity": "sha512-DHQpWGjyQKSHj3ebjFI/wRKcqQcdR+MoFBygntYOZytCqNfkd2ZC4ARDJ2DQqhjH5p85Nnd3jhUJIXrszFX/JA=="
    },
    "node_modules/@types/ws": {
      "version": "8.5.4",
      "resolved": "https://registry.npmjs.org/@types/ws/-/ws-8.5.4.tgz",
      "integrity": "sha512-zdQDHKUgcX/zBc4GrwsE/7dVdAD8JR4EuiAXiiUhhfyIJXXb2+PrGshFyeXWQPMmmZ2XxgaqclgpIC7eTXc1mg==",
      "dependencies": {
        "@types/node": "*"
      }
    },
    "node_modules/base64-js": {
      "version": "1.5.1",
      "resolved": "https://registry.npmjs.org/base64-js/-/base64-js-1.5.1.tgz",
      "integrity": "sha512-AKpaYlHn8t4SVbOHCy+b5+KKgvR4vrsD8vbvrbiQJps7fKDTkjkDry6ji0rUJjC0kzbNePLwzxq8iypo41qeWA==",
      "funding": [
        {
          "type": "github",
          "url": "https://github.com/sponsors/feross"
        },
        {
          "type": "patreon",
          "url": "https://www.patreon.com/feross"
        },
        {
          "type": "consulting",
          "url": "https://feross.org/support"
        }
      ]
    },
    "node_modules/discord-api-types": {
      "version": "0.36.3",
      "resolved": "https://registry.npmjs.org/discord-api-types/-/discord-api-types-0.36.3.tgz",
      "integrity": "sha512-bz/NDyG0KBo/tY14vSkrwQ/n3HKPf87a0WFW/1M9+tXYK+vp5Z5EksawfCWo2zkAc6o7CClc0eff1Pjrqznlwg=="
    },
    "node_modules/prism-media": {
      "version": "1.3.4",
      "resolved": "https://registry.npmjs.org/prism-media/-/prism-media-1.3.4.tgz",
      "integrity": "sha512-eW7LXORkTCQznZs+eqe9VjGOrLBxcBPXgNyHXMTSRVhphvd/RrxgIR7WaWt4fkLuhshcdT5KHL88LAfcvS3f5g==",
      "peerDependencies": {
        "@discordjs/opus": "^0.8.0",
        "ffmpeg-static": "^5.0.2 || ^4.2.7 || ^3.0.0 || ^2.4.0",
        "node-opus": "^0.3.3",
        "opusscript": "^0.0.8"
      },
      "peerDependenciesMeta": {
        "@discordjs/opus": {
          "optional": true
        },
        "ffmpeg-static": {
          "optional": true
        },
        "node-opus": {
          "optional": true
        },
        "opusscript": {
          "optional": true
        }
      }
    },
    "node_modules/tslib": {
      "version": "2.4.1",
      "resolved": "https://registry.npmjs.org/tslib/-/tslib-2.4.1.tgz",
      "integrity": "sha512-tGyy4dAjRIEwI7BzsB0lynWgOpfqjUdq91XXAlIWD2OwKBH7oCl/GZG/HT4BOHrTlPMOASlMQ7veyTqpmRcrNA=="
    },
    "node_modules/volcano-sdk": {
      "version": "1.0.0",
      "resolved": "git+ssh://git@github.com/AmandaDiscord/VolcanoSDK.git#c9195e6891ec641ec9a9da3e7cb87a47fa6f8033",
      "license": "MIT"
    },
    "node_modules/ws": {
      "version": "8.11.0",
      "resolved": "https://registry.npmjs.org/ws/-/ws-8.11.0.tgz",
      "integrity": "sha512-HPG3wQd9sNQoT9xHyNCXoDUa+Xw/VevmY9FoHyQ+g+rrMn4j6FB4np7Z0OhdTgjx6MgQLK7jwSy1YecU1+4Asg==",
      "engines": {
        "node": ">=10.0.0"
      },
      "peerDependencies": {
        "bufferutil": "^4.0.1",
        "utf-8-validate": "^5.0.2"
      },
      "peerDependenciesMeta": {
        "bufferutil": {
          "optional": true
        },
        "utf-8-validate": {
          "optional": true
        }
      }
    }
  }
}
