{
  "name": "volcano-twitter",
  "version": "1.0.0",
  "lockfileVersion": 3,
  "requires": true,
  "packages": {
    "": {
      "name": "volcano-twitter",
      "version": "1.0.0",
      "license": "MIT",
      "dependencies": {
        "@tcortega/twitter-scraper": "github:AmandaDiscord/twitter-scraper#e7ac0766f2fc53e6873401372dfe040e0ff33a3e",
        "volcano-sdk": "file:A:/Windows/Documents/GitHub/Volcano/packages/sdk"
      }
    },
    "A:/Windows/Documents/GitHub/Volcano/packages/sdk": {
      "version": "2.0.0-rc.2",
      "hasInstallScript": true,
      "license": "MIT",
      "dependencies": {
        "@discordjs/voice": "^0.15.0",
        "lavalink-types": "^2.0.2",
        "uWebSockets.js": "uNetworking/uWebSockets.js#v20.20.0"
      }
    },
    "node_modules/@tcortega/twitter-scraper": {
      "version": "0.2.4",
      "resolved": "git+ssh://git@github.com/AmandaDiscord/twitter-scraper.git#e7ac0766f2fc53e6873401372dfe040e0ff33a3e",
      "integrity": "sha512-mNGfPkgh5cl6zsEvqbuGfIkGxp2GztqRwxOoBX/Dx0b8XGuiAMjl6U04jUSNAdxHrDk4oxfBGBvSIioqudPUbA==",
      "license": "MIT",
      "engines": {
        "node": ">=10"
      }
    },
    "node_modules/volcano-sdk": {
      "resolved": "A:/Windows/Documents/GitHub/Volcano/packages/sdk",
      "link": true
    }
  }
}
